{
  "version": 4,
  "terraform_version": "1.9.4",
  "serial": 264,
  "lineage": "89eebe06-c246-1640-4f55-01d48e48c823",
  "outputs": {},
  "resources": [
    {
      "mode": "managed",
      "type": "aws_instance",
      "name": "gitea-ec2",
      "provider": "provider[\"registry.terraform.io/hashicorp/aws\"]",
      "instances": [
        {
          "schema_version": 1,
          "attributes": {
            "ami": "ami-060e277c0d4cce553",
            "arn": "arn:aws:ec2:ap-southeast-1:503561451477:instance/i-043cc41cf418273fa",
            "associate_public_ip_address": true,
            "availability_zone": "ap-southeast-1a",
            "capacity_reservation_specification": [
              {
                "capacity_reservation_preference": "open",
                "capacity_reservation_target": []
              }
            ],
            "cpu_core_count": 1,
            "cpu_options": [
              {
                "amd_sev_snp": "",
                "core_count": 1,
                "threads_per_core": 1
              }
            ],
            "cpu_threads_per_core": 1,
            "credit_specification": [
              {
                "cpu_credits": "standard"
              }
            ],
            "disable_api_stop": false,
            "disable_api_termination": false,
            "ebs_block_device": [],
            "ebs_optimized": false,
            "enclave_options": [
              {
                "enabled": false
              }
            ],
            "ephemeral_block_device": [],
            "get_password_data": false,
            "hibernation": false,
            "host_id": "",
            "host_resource_group_arn": null,
            "iam_instance_profile": "",
            "id": "i-043cc41cf418273fa",
            "instance_initiated_shutdown_behavior": "stop",
            "instance_lifecycle": "",
            "instance_market_options": [],
            "instance_state": "running",
            "instance_type": "t2.micro",
            "ipv6_address_count": 0,
            "ipv6_addresses": [],
            "key_name": "wkl-cognixus2",
            "launch_template": [],
            "maintenance_options": [
              {
                "auto_recovery": "default"
              }
            ],
            "metadata_options": [
              {
                "http_endpoint": "enabled",
                "http_protocol_ipv6": "disabled",
                "http_put_response_hop_limit": 2,
                "http_tokens": "required",
                "instance_metadata_tags": "disabled"
              }
            ],
            "monitoring": false,
            "network_interface": [],
            "outpost_arn": "",
            "password_data": "",
            "placement_group": "",
            "placement_partition_number": 0,
            "primary_network_interface_id": "eni-00374b223d3d2d66f",
            "private_dns": "ip-172-31-23-170.ap-southeast-1.compute.internal",
            "private_dns_name_options": [
              {
                "enable_resource_name_dns_a_record": false,
                "enable_resource_name_dns_aaaa_record": false,
                "hostname_type": "ip-name"
              }
            ],
            "private_ip": "172.31.23.170",
            "public_dns": "ec2-18-143-78-103.ap-southeast-1.compute.amazonaws.com",
            "public_ip": "18.143.78.103",
            "root_block_device": [
              {
                "delete_on_termination": true,
                "device_name": "/dev/sda1",
                "encrypted": false,
                "iops": 3000,
                "kms_key_id": "",
                "tags": {},
                "tags_all": {},
                "throughput": 125,
                "volume_id": "vol-057a3ea92edc4df4c",
                "volume_size": 8,
                "volume_type": "gp3"
              }
            ],
            "secondary_private_ips": [],
            "security_groups": [
              "COG SG"
            ],
            "source_dest_check": true,
            "spot_instance_request_id": "",
            "subnet_id": "subnet-0c43a1b8310f54496",
            "tags": {
              "Name": "Gitea-Server"
            },
            "tags_all": {
              "Name": "Gitea-Server"
            },
            "tenancy": "default",
            "timeouts": null,
            "user_data": "81c50b3c3f5ec435eb3b51adba154913f22ae100",
            "user_data_base64": null,
            "user_data_replace_on_change": false,
            "volume_tags": null,
            "vpc_security_group_ids": [
              "sg-0b6ac7e2c73aea05c"
            ]
          },
          "sensitive_attributes": [],
          "private": "eyJlMmJmYjczMC1lY2FhLTExZTYtOGY4OC0zNDM2M2JjN2M0YzAiOnsiY3JlYXRlIjo2MDAwMDAwMDAwMDAsImRlbGV0ZSI6MTIwMDAwMDAwMDAwMCwicmVhZCI6OTAwMDAwMDAwMDAwLCJ1cGRhdGUiOjYwMDAwMDAwMDAwMH0sInNjaGVtYV92ZXJzaW9uIjoiMSJ9",
          "dependencies": [
            "aws_key_pair.wkl-cognixus-key",
            "aws_security_group.cog_sg"
          ]
        }
      ]
    },
    {
      "mode": "managed",
      "type": "aws_key_pair",
      "name": "wkl-cognixus-key",
      "provider": "provider[\"registry.terraform.io/hashicorp/aws\"]",
      "instances": [
        {
          "schema_version": 1,
          "attributes": {
            "arn": "arn:aws:ec2:ap-southeast-1:503561451477:key-pair/wkl-cognixus2",
            "fingerprint": "7b:ef:ba:e0:13:ab:a8:4c:c6:6a:5a:ca:35:70:12:07",
            "id": "wkl-cognixus2",
            "key_name": "wkl-cognixus2",
            "key_name_prefix": "",
            "key_pair_id": "key-0f0a9982b331f3084",
            "key_type": "rsa",
            "public_key": "ssh-rsa AAAAB3NzaC1yc2EAAAADAQABAAACAQCyXjRJp6Z6VQxYU0gdKXii3gdNt/Q8kLh5DM5zEA8j17+eO5Bs53HsrF4ibJinOp491K09frAj2m94MYrHxZZV7ZZQmrYe1G4j5rrjmo+0Cd5+GzeoBE81oc7HqK5LLFIbzntukV7MMcS0cpZpqZs3UT1R7dwD0c7l9bqInOpWK8KcPoglub+sk61rW52VFTmnR1AxkMjEylcPyCeksH3t2l7IlQX23rL3pStzchutsoCCY3q+FzCMigZRVYxNqcvzzDOgXLMGuDIhc2cUn8YXYGU/ko3nMSt8cski5pboPBM5KivgchVXfl3MFI8a0+o1tmmYmxW6t0YoSCaINbVs1+lyfie5sZfYn4I6ONRj8KsKL1FxlRj64zBGMPtHfHll0Z2ExRQCdKBC7SWWEL7G409MxGDemJ0uLe1JKukLV03fN6GygVWaQBriXClZspiE8FQYKxn53PtE+JU0FDs3l9cC5hqG88875rCkPeOC7VMc1SamrDX4YCvCBoZgj0Wz5MyuTCwqdb1ilWtEJngkkcBKJXJA9U1NizOMJo2ylLWTOfKKMtc2FLjhcCvCgOXtlhKXlfcqJGe8fIsofyEmQiMlgCIJgNr35eUC7j3+S6X3z8awPikYP+KdWkpkjv+OF5p2qCFyltK05RtnkDvTPl1+9ikd4e6A23s8JQ844w== wkl-cognixus2",
            "tags": null,
            "tags_all": {}
          },
          "sensitive_attributes": [],
          "private": "eyJzY2hlbWFfdmVyc2lvbiI6IjEifQ=="
        }
      ]
    },
    {
      "mode": "managed",
      "type": "aws_security_group",
      "name": "cog_sg",
      "provider": "provider[\"registry.terraform.io/hashicorp/aws\"]",
      "instances": [
        {
          "schema_version": 1,
          "attributes": {
            "arn": "arn:aws:ec2:ap-southeast-1:503561451477:security-group/sg-0b6ac7e2c73aea05c",
            "description": "Managed by Terraform",
            "egress": [
              {
                "cidr_blocks": [
                  "0.0.0.0/0"
                ],
                "description": "",
                "from_port": 0,
                "ipv6_cidr_blocks": [],
                "prefix_list_ids": [],
                "protocol": "-1",
                "security_groups": [],
                "self": false,
                "to_port": 0
              }
            ],
            "id": "sg-0b6ac7e2c73aea05c",
            "ingress": [
              {
                "cidr_blocks": [
                  "0.0.0.0/0"
                ],
                "description": "",
                "from_port": 22,
                "ipv6_cidr_blocks": [],
                "prefix_list_ids": [],
                "protocol": "tcp",
                "security_groups": [],
                "self": false,
                "to_port": 22
              }
            ],
            "name": "COG SG",
            "name_prefix": "",
            "owner_id": "503561451477",
            "revoke_rules_on_delete": false,
            "tags": null,
            "tags_all": {},
            "timeouts": null,
            "vpc_id": "vpc-0f911f19bc2b3a4bd"
          },
          "sensitive_attributes": [],
          "private": "eyJlMmJmYjczMC1lY2FhLTExZTYtOGY4OC0zNDM2M2JjN2M0YzAiOnsiY3JlYXRlIjo2MDAwMDAwMDAwMDAsImRlbGV0ZSI6OTAwMDAwMDAwMDAwfSwic2NoZW1hX3ZlcnNpb24iOiIxIn0="
        }
      ]
    }
  ],
  "check_results": null
}
